
Microsoft Visual Studio Solution File, Format Version 12.00
# Visual Studio 15
VisualStudioVersion = 15.0.26124.0
MinimumVisualStudioVersion = 15.0.26124.0
Project("{2150E333-8FDC-42A3-9474-1A3956D46DE8}") = "Source", "Source", "{0409518A-4DA4-488B-8126-8BF0D9C1E692}"
EndProject
Project("{FAE04EC0-301F-11D3-BF4B-00C04F79EFBC}") = "Commands", "Source\Commands\Commands.csproj", "{9D08F3F2-C989-4EC0-8BE7-B8C457B2D4FD}"
EndProject
Project("{FAE04EC0-301F-11D3-BF4B-00C04F79EFBC}") = "Bootstrap", "Source\Bootstrap\Bootstrap.csproj", "{3C96934F-BB26-469B-AB78-CD9C9F37BED9}"
EndProject
Project("{FAE04EC0-301F-11D3-BF4B-00C04F79EFBC}") = "Queries", "Source\Queries\Queries.csproj", "{57CE7063-96C2-4E72-A1AF-936008D23D07}"
EndProject
Project("{FAE04EC0-301F-11D3-BF4B-00C04F79EFBC}") = "AspNetCore", "Source\AggregatedPackage\AspNetCore.csproj", "{F0EA0F75-E105-4E3D-A174-D28BB24AF716}"
EndProject
Project("{FAE04EC0-301F-11D3-BF4B-00C04F79EFBC}") = "Execution", "Source\Execution\Execution.csproj", "{29DD9B1C-4613-42BC-852B-D4E49FCD4229}"
EndProject
Project("{FAE04EC0-301F-11D3-BF4B-00C04F79EFBC}") = "Authentication", "Source\Authentication\Authentication.csproj", "{6516B9D4-4C5E-4E3C-936D-853B1676ED3D}"
EndProject
Project("{FAE04EC0-301F-11D3-BF4B-00C04F79EFBC}") = "Configuration", "Source\Configuration\Configuration.csproj", "{F7225C64-D7D8-4375-BD87-D13D12D596A6}"
EndProject
Project("{FAE04EC0-301F-11D3-BF4B-00C04F79EFBC}") = "Debugging.Commands", "Source\Debugging.Commands\Debugging.Commands.csproj", "{F1953DBE-52D1-456F-B72F-D5C0C06D07E2}"
EndProject
Project("{FAE04EC0-301F-11D3-BF4B-00C04F79EFBC}") = "Debugging.Events", "Source\Debugging.Events\Debugging.Events.csproj", "{FDA0CA87-E765-410E-9EB0-D7588743F01F}"
EndProject
Project("{FAE04EC0-301F-11D3-BF4B-00C04F79EFBC}") = "Debugging.Queries", "Source\Debugging.Queries\Debugging.Queries.csproj", "{4212C0C7-9FDF-4283-B6E7-44BE1AED6E43}"
EndProject
Project("{FAE04EC0-301F-11D3-BF4B-00C04F79EFBC}") = "Debugging.Swagger", "Source\Debugging.Swagger\Debugging.Swagger.csproj", "{0112AD46-0160-40EF-AACE-5F50002DDFF0}"
EndProject
Project("{FAE04EC0-301F-11D3-BF4B-00C04F79EFBC}") = "Debugging.Swagger.SwaggerGen", "Source\Debugging.Swagger.SwaggerGen\Debugging.Swagger.SwaggerGen.csproj", "{7DEAFA20-E8E9-415B-BFED-59F9EB7AF822}"
EndProject
Project("{FAE04EC0-301F-11D3-BF4B-00C04F79EFBC}") = "Debugging", "Source\Debugging\Debugging.csproj", "{39D82B0F-3241-4AE7-993E-63EBB0C65B77}"
EndProject
Global
	GlobalSection(SolutionConfigurationPlatforms) = preSolution
		Debug|Any CPU = Debug|Any CPU
		Debug|x64 = Debug|x64
		Debug|x86 = Debug|x86
		Release|Any CPU = Release|Any CPU
		Release|x64 = Release|x64
		Release|x86 = Release|x86
	EndGlobalSection
	GlobalSection(SolutionProperties) = preSolution
		HideSolutionNode = FALSE
	EndGlobalSection
	GlobalSection(ProjectConfigurationPlatforms) = postSolution
		{9D08F3F2-C989-4EC0-8BE7-B8C457B2D4FD}.Debug|Any CPU.ActiveCfg = Debug|Any CPU
		{9D08F3F2-C989-4EC0-8BE7-B8C457B2D4FD}.Debug|Any CPU.Build.0 = Debug|Any CPU
		{9D08F3F2-C989-4EC0-8BE7-B8C457B2D4FD}.Debug|x64.ActiveCfg = Debug|x64
		{9D08F3F2-C989-4EC0-8BE7-B8C457B2D4FD}.Debug|x64.Build.0 = Debug|x64
		{9D08F3F2-C989-4EC0-8BE7-B8C457B2D4FD}.Debug|x86.ActiveCfg = Debug|x86
		{9D08F3F2-C989-4EC0-8BE7-B8C457B2D4FD}.Debug|x86.Build.0 = Debug|x86
		{9D08F3F2-C989-4EC0-8BE7-B8C457B2D4FD}.Release|Any CPU.ActiveCfg = Release|Any CPU
		{9D08F3F2-C989-4EC0-8BE7-B8C457B2D4FD}.Release|Any CPU.Build.0 = Release|Any CPU
		{9D08F3F2-C989-4EC0-8BE7-B8C457B2D4FD}.Release|x64.ActiveCfg = Release|x64
		{9D08F3F2-C989-4EC0-8BE7-B8C457B2D4FD}.Release|x64.Build.0 = Release|x64
		{9D08F3F2-C989-4EC0-8BE7-B8C457B2D4FD}.Release|x86.ActiveCfg = Release|x86
		{9D08F3F2-C989-4EC0-8BE7-B8C457B2D4FD}.Release|x86.Build.0 = Release|x86
		{3C96934F-BB26-469B-AB78-CD9C9F37BED9}.Debug|Any CPU.ActiveCfg = Debug|Any CPU
		{3C96934F-BB26-469B-AB78-CD9C9F37BED9}.Debug|Any CPU.Build.0 = Debug|Any CPU
		{3C96934F-BB26-469B-AB78-CD9C9F37BED9}.Debug|x64.ActiveCfg = Debug|x64
		{3C96934F-BB26-469B-AB78-CD9C9F37BED9}.Debug|x64.Build.0 = Debug|x64
		{3C96934F-BB26-469B-AB78-CD9C9F37BED9}.Debug|x86.ActiveCfg = Debug|x86
		{3C96934F-BB26-469B-AB78-CD9C9F37BED9}.Debug|x86.Build.0 = Debug|x86
		{3C96934F-BB26-469B-AB78-CD9C9F37BED9}.Release|Any CPU.ActiveCfg = Release|Any CPU
		{3C96934F-BB26-469B-AB78-CD9C9F37BED9}.Release|Any CPU.Build.0 = Release|Any CPU
		{3C96934F-BB26-469B-AB78-CD9C9F37BED9}.Release|x64.ActiveCfg = Release|x64
		{3C96934F-BB26-469B-AB78-CD9C9F37BED9}.Release|x64.Build.0 = Release|x64
		{3C96934F-BB26-469B-AB78-CD9C9F37BED9}.Release|x86.ActiveCfg = Release|x86
		{3C96934F-BB26-469B-AB78-CD9C9F37BED9}.Release|x86.Build.0 = Release|x86
		{57CE7063-96C2-4E72-A1AF-936008D23D07}.Debug|Any CPU.ActiveCfg = Debug|Any CPU
		{57CE7063-96C2-4E72-A1AF-936008D23D07}.Debug|Any CPU.Build.0 = Debug|Any CPU
		{57CE7063-96C2-4E72-A1AF-936008D23D07}.Debug|x64.ActiveCfg = Debug|x64
		{57CE7063-96C2-4E72-A1AF-936008D23D07}.Debug|x64.Build.0 = Debug|x64
		{57CE7063-96C2-4E72-A1AF-936008D23D07}.Debug|x86.ActiveCfg = Debug|x86
		{57CE7063-96C2-4E72-A1AF-936008D23D07}.Debug|x86.Build.0 = Debug|x86
		{57CE7063-96C2-4E72-A1AF-936008D23D07}.Release|Any CPU.ActiveCfg = Release|Any CPU
		{57CE7063-96C2-4E72-A1AF-936008D23D07}.Release|Any CPU.Build.0 = Release|Any CPU
		{57CE7063-96C2-4E72-A1AF-936008D23D07}.Release|x64.ActiveCfg = Release|x64
		{57CE7063-96C2-4E72-A1AF-936008D23D07}.Release|x64.Build.0 = Release|x64
		{57CE7063-96C2-4E72-A1AF-936008D23D07}.Release|x86.ActiveCfg = Release|x86
		{57CE7063-96C2-4E72-A1AF-936008D23D07}.Release|x86.Build.0 = Release|x86
		{F0EA0F75-E105-4E3D-A174-D28BB24AF716}.Debug|Any CPU.ActiveCfg = Debug|Any CPU
		{F0EA0F75-E105-4E3D-A174-D28BB24AF716}.Debug|Any CPU.Build.0 = Debug|Any CPU
		{F0EA0F75-E105-4E3D-A174-D28BB24AF716}.Debug|x64.ActiveCfg = Debug|Any CPU
		{F0EA0F75-E105-4E3D-A174-D28BB24AF716}.Debug|x64.Build.0 = Debug|Any CPU
		{F0EA0F75-E105-4E3D-A174-D28BB24AF716}.Debug|x86.ActiveCfg = Debug|Any CPU
		{F0EA0F75-E105-4E3D-A174-D28BB24AF716}.Debug|x86.Build.0 = Debug|Any CPU
		{F0EA0F75-E105-4E3D-A174-D28BB24AF716}.Release|Any CPU.ActiveCfg = Release|Any CPU
		{F0EA0F75-E105-4E3D-A174-D28BB24AF716}.Release|Any CPU.Build.0 = Release|Any CPU
		{F0EA0F75-E105-4E3D-A174-D28BB24AF716}.Release|x64.ActiveCfg = Release|Any CPU
		{F0EA0F75-E105-4E3D-A174-D28BB24AF716}.Release|x64.Build.0 = Release|Any CPU
		{F0EA0F75-E105-4E3D-A174-D28BB24AF716}.Release|x86.ActiveCfg = Release|Any CPU
		{F0EA0F75-E105-4E3D-A174-D28BB24AF716}.Release|x86.Build.0 = Release|Any CPU
		{29DD9B1C-4613-42BC-852B-D4E49FCD4229}.Debug|Any CPU.ActiveCfg = Debug|Any CPU
		{29DD9B1C-4613-42BC-852B-D4E49FCD4229}.Debug|Any CPU.Build.0 = Debug|Any CPU
		{29DD9B1C-4613-42BC-852B-D4E49FCD4229}.Debug|x64.ActiveCfg = Debug|Any CPU
		{29DD9B1C-4613-42BC-852B-D4E49FCD4229}.Debug|x64.Build.0 = Debug|Any CPU
		{29DD9B1C-4613-42BC-852B-D4E49FCD4229}.Debug|x86.ActiveCfg = Debug|Any CPU
		{29DD9B1C-4613-42BC-852B-D4E49FCD4229}.Debug|x86.Build.0 = Debug|Any CPU
		{29DD9B1C-4613-42BC-852B-D4E49FCD4229}.Release|Any CPU.ActiveCfg = Release|Any CPU
		{29DD9B1C-4613-42BC-852B-D4E49FCD4229}.Release|Any CPU.Build.0 = Release|Any CPU
		{29DD9B1C-4613-42BC-852B-D4E49FCD4229}.Release|x64.ActiveCfg = Release|Any CPU
		{29DD9B1C-4613-42BC-852B-D4E49FCD4229}.Release|x64.Build.0 = Release|Any CPU
		{29DD9B1C-4613-42BC-852B-D4E49FCD4229}.Release|x86.ActiveCfg = Release|Any CPU
		{29DD9B1C-4613-42BC-852B-D4E49FCD4229}.Release|x86.Build.0 = Release|Any CPU
		{6516B9D4-4C5E-4E3C-936D-853B1676ED3D}.Debug|Any CPU.ActiveCfg = Debug|Any CPU
		{6516B9D4-4C5E-4E3C-936D-853B1676ED3D}.Debug|Any CPU.Build.0 = Debug|Any CPU
		{6516B9D4-4C5E-4E3C-936D-853B1676ED3D}.Debug|x64.ActiveCfg = Debug|Any CPU
		{6516B9D4-4C5E-4E3C-936D-853B1676ED3D}.Debug|x64.Build.0 = Debug|Any CPU
		{6516B9D4-4C5E-4E3C-936D-853B1676ED3D}.Debug|x86.ActiveCfg = Debug|Any CPU
		{6516B9D4-4C5E-4E3C-936D-853B1676ED3D}.Debug|x86.Build.0 = Debug|Any CPU
		{6516B9D4-4C5E-4E3C-936D-853B1676ED3D}.Release|Any CPU.ActiveCfg = Release|Any CPU
		{6516B9D4-4C5E-4E3C-936D-853B1676ED3D}.Release|Any CPU.Build.0 = Release|Any CPU
		{6516B9D4-4C5E-4E3C-936D-853B1676ED3D}.Release|x64.ActiveCfg = Release|Any CPU
		{6516B9D4-4C5E-4E3C-936D-853B1676ED3D}.Release|x64.Build.0 = Release|Any CPU
		{6516B9D4-4C5E-4E3C-936D-853B1676ED3D}.Release|x86.ActiveCfg = Release|Any CPU
		{6516B9D4-4C5E-4E3C-936D-853B1676ED3D}.Release|x86.Build.0 = Release|Any CPU
		{F7225C64-D7D8-4375-BD87-D13D12D596A6}.Debug|Any CPU.ActiveCfg = Debug|Any CPU
		{F7225C64-D7D8-4375-BD87-D13D12D596A6}.Debug|Any CPU.Build.0 = Debug|Any CPU
		{F7225C64-D7D8-4375-BD87-D13D12D596A6}.Debug|x64.ActiveCfg = Debug|Any CPU
		{F7225C64-D7D8-4375-BD87-D13D12D596A6}.Debug|x64.Build.0 = Debug|Any CPU
		{F7225C64-D7D8-4375-BD87-D13D12D596A6}.Debug|x86.ActiveCfg = Debug|Any CPU
		{F7225C64-D7D8-4375-BD87-D13D12D596A6}.Debug|x86.Build.0 = Debug|Any CPU
		{F7225C64-D7D8-4375-BD87-D13D12D596A6}.Release|Any CPU.ActiveCfg = Release|Any CPU
		{F7225C64-D7D8-4375-BD87-D13D12D596A6}.Release|Any CPU.Build.0 = Release|Any CPU
		{F7225C64-D7D8-4375-BD87-D13D12D596A6}.Release|x64.ActiveCfg = Release|Any CPU
		{F7225C64-D7D8-4375-BD87-D13D12D596A6}.Release|x64.Build.0 = Release|Any CPU
		{F7225C64-D7D8-4375-BD87-D13D12D596A6}.Release|x86.ActiveCfg = Release|Any CPU
		{F7225C64-D7D8-4375-BD87-D13D12D596A6}.Release|x86.Build.0 = Release|Any CPU
		{F1953DBE-52D1-456F-B72F-D5C0C06D07E2}.Debug|Any CPU.ActiveCfg = Debug|Any CPU
		{F1953DBE-52D1-456F-B72F-D5C0C06D07E2}.Debug|Any CPU.Build.0 = Debug|Any CPU
		{F1953DBE-52D1-456F-B72F-D5C0C06D07E2}.Debug|x64.ActiveCfg = Debug|Any CPU
		{F1953DBE-52D1-456F-B72F-D5C0C06D07E2}.Debug|x64.Build.0 = Debug|Any CPU
		{F1953DBE-52D1-456F-B72F-D5C0C06D07E2}.Debug|x86.ActiveCfg = Debug|Any CPU
		{F1953DBE-52D1-456F-B72F-D5C0C06D07E2}.Debug|x86.Build.0 = Debug|Any CPU
		{F1953DBE-52D1-456F-B72F-D5C0C06D07E2}.Release|Any CPU.ActiveCfg = Release|Any CPU
		{F1953DBE-52D1-456F-B72F-D5C0C06D07E2}.Release|Any CPU.Build.0 = Release|Any CPU
		{F1953DBE-52D1-456F-B72F-D5C0C06D07E2}.Release|x64.ActiveCfg = Release|Any CPU
		{F1953DBE-52D1-456F-B72F-D5C0C06D07E2}.Release|x64.Build.0 = Release|Any CPU
		{F1953DBE-52D1-456F-B72F-D5C0C06D07E2}.Release|x86.ActiveCfg = Release|Any CPU
		{F1953DBE-52D1-456F-B72F-D5C0C06D07E2}.Release|x86.Build.0 = Release|Any CPU
		{FDA0CA87-E765-410E-9EB0-D7588743F01F}.Debug|Any CPU.ActiveCfg = Debug|Any CPU
		{FDA0CA87-E765-410E-9EB0-D7588743F01F}.Debug|Any CPU.Build.0 = Debug|Any CPU
		{FDA0CA87-E765-410E-9EB0-D7588743F01F}.Debug|x64.ActiveCfg = Debug|Any CPU
		{FDA0CA87-E765-410E-9EB0-D7588743F01F}.Debug|x64.Build.0 = Debug|Any CPU
		{FDA0CA87-E765-410E-9EB0-D7588743F01F}.Debug|x86.ActiveCfg = Debug|Any CPU
		{FDA0CA87-E765-410E-9EB0-D7588743F01F}.Debug|x86.Build.0 = Debug|Any CPU
		{FDA0CA87-E765-410E-9EB0-D7588743F01F}.Release|Any CPU.ActiveCfg = Release|Any CPU
		{FDA0CA87-E765-410E-9EB0-D7588743F01F}.Release|Any CPU.Build.0 = Release|Any CPU
		{FDA0CA87-E765-410E-9EB0-D7588743F01F}.Release|x64.ActiveCfg = Release|Any CPU
		{FDA0CA87-E765-410E-9EB0-D7588743F01F}.Release|x64.Build.0 = Release|Any CPU
		{FDA0CA87-E765-410E-9EB0-D7588743F01F}.Release|x86.ActiveCfg = Release|Any CPU
		{FDA0CA87-E765-410E-9EB0-D7588743F01F}.Release|x86.Build.0 = Release|Any CPU
		{4212C0C7-9FDF-4283-B6E7-44BE1AED6E43}.Debug|Any CPU.ActiveCfg = Debug|Any CPU
		{4212C0C7-9FDF-4283-B6E7-44BE1AED6E43}.Debug|Any CPU.Build.0 = Debug|Any CPU
		{4212C0C7-9FDF-4283-B6E7-44BE1AED6E43}.Debug|x64.ActiveCfg = Debug|Any CPU
		{4212C0C7-9FDF-4283-B6E7-44BE1AED6E43}.Debug|x64.Build.0 = Debug|Any CPU
		{4212C0C7-9FDF-4283-B6E7-44BE1AED6E43}.Debug|x86.ActiveCfg = Debug|Any CPU
		{4212C0C7-9FDF-4283-B6E7-44BE1AED6E43}.Debug|x86.Build.0 = Debug|Any CPU
		{4212C0C7-9FDF-4283-B6E7-44BE1AED6E43}.Release|Any CPU.ActiveCfg = Release|Any CPU
		{4212C0C7-9FDF-4283-B6E7-44BE1AED6E43}.Release|Any CPU.Build.0 = Release|Any CPU
		{4212C0C7-9FDF-4283-B6E7-44BE1AED6E43}.Release|x64.ActiveCfg = Release|Any CPU
		{4212C0C7-9FDF-4283-B6E7-44BE1AED6E43}.Release|x64.Build.0 = Release|Any CPU
		{4212C0C7-9FDF-4283-B6E7-44BE1AED6E43}.Release|x86.ActiveCfg = Release|Any CPU
		{4212C0C7-9FDF-4283-B6E7-44BE1AED6E43}.Release|x86.Build.0 = Release|Any CPU
		{0112AD46-0160-40EF-AACE-5F50002DDFF0}.Debug|Any CPU.ActiveCfg = Debug|Any CPU
		{0112AD46-0160-40EF-AACE-5F50002DDFF0}.Debug|Any CPU.Build.0 = Debug|Any CPU
		{0112AD46-0160-40EF-AACE-5F50002DDFF0}.Debug|x64.ActiveCfg = Debug|Any CPU
		{0112AD46-0160-40EF-AACE-5F50002DDFF0}.Debug|x64.Build.0 = Debug|Any CPU
		{0112AD46-0160-40EF-AACE-5F50002DDFF0}.Debug|x86.ActiveCfg = Debug|Any CPU
		{0112AD46-0160-40EF-AACE-5F50002DDFF0}.Debug|x86.Build.0 = Debug|Any CPU
		{0112AD46-0160-40EF-AACE-5F50002DDFF0}.Release|Any CPU.ActiveCfg = Release|Any CPU
		{0112AD46-0160-40EF-AACE-5F50002DDFF0}.Release|Any CPU.Build.0 = Release|Any CPU
		{0112AD46-0160-40EF-AACE-5F50002DDFF0}.Release|x64.ActiveCfg = Release|Any CPU
		{0112AD46-0160-40EF-AACE-5F50002DDFF0}.Release|x64.Build.0 = Release|Any CPU
		{0112AD46-0160-40EF-AACE-5F50002DDFF0}.Release|x86.ActiveCfg = Release|Any CPU
		{0112AD46-0160-40EF-AACE-5F50002DDFF0}.Release|x86.Build.0 = Release|Any CPU
		{7DEAFA20-E8E9-415B-BFED-59F9EB7AF822}.Debug|Any CPU.ActiveCfg = Debug|Any CPU
		{7DEAFA20-E8E9-415B-BFED-59F9EB7AF822}.Debug|Any CPU.Build.0 = Debug|Any CPU
		{7DEAFA20-E8E9-415B-BFED-59F9EB7AF822}.Debug|x64.ActiveCfg = Debug|Any CPU
		{7DEAFA20-E8E9-415B-BFED-59F9EB7AF822}.Debug|x64.Build.0 = Debug|Any CPU
		{7DEAFA20-E8E9-415B-BFED-59F9EB7AF822}.Debug|x86.ActiveCfg = Debug|Any CPU
		{7DEAFA20-E8E9-415B-BFED-59F9EB7AF822}.Debug|x86.Build.0 = Debug|Any CPU
		{7DEAFA20-E8E9-415B-BFED-59F9EB7AF822}.Release|Any CPU.ActiveCfg = Release|Any CPU
		{7DEAFA20-E8E9-415B-BFED-59F9EB7AF822}.Release|Any CPU.Build.0 = Release|Any CPU
		{7DEAFA20-E8E9-415B-BFED-59F9EB7AF822}.Release|x64.ActiveCfg = Release|Any CPU
		{7DEAFA20-E8E9-415B-BFED-59F9EB7AF822}.Release|x64.Build.0 = Release|Any CPU
		{7DEAFA20-E8E9-415B-BFED-59F9EB7AF822}.Release|x86.ActiveCfg = Release|Any CPU
		{7DEAFA20-E8E9-415B-BFED-59F9EB7AF822}.Release|x86.Build.0 = Release|Any CPU
		{39D82B0F-3241-4AE7-993E-63EBB0C65B77}.Debug|Any CPU.ActiveCfg = Debug|Any CPU
		{39D82B0F-3241-4AE7-993E-63EBB0C65B77}.Debug|Any CPU.Build.0 = Debug|Any CPU
		{39D82B0F-3241-4AE7-993E-63EBB0C65B77}.Debug|x64.ActiveCfg = Debug|Any CPU
		{39D82B0F-3241-4AE7-993E-63EBB0C65B77}.Debug|x64.Build.0 = Debug|Any CPU
		{39D82B0F-3241-4AE7-993E-63EBB0C65B77}.Debug|x86.ActiveCfg = Debug|Any CPU
		{39D82B0F-3241-4AE7-993E-63EBB0C65B77}.Debug|x86.Build.0 = Debug|Any CPU
		{39D82B0F-3241-4AE7-993E-63EBB0C65B77}.Release|Any CPU.ActiveCfg = Release|Any CPU
		{39D82B0F-3241-4AE7-993E-63EBB0C65B77}.Release|Any CPU.Build.0 = Release|Any CPU
		{39D82B0F-3241-4AE7-993E-63EBB0C65B77}.Release|x64.ActiveCfg = Release|Any CPU
		{39D82B0F-3241-4AE7-993E-63EBB0C65B77}.Release|x64.Build.0 = Release|Any CPU
		{39D82B0F-3241-4AE7-993E-63EBB0C65B77}.Release|x86.ActiveCfg = Release|Any CPU
		{39D82B0F-3241-4AE7-993E-63EBB0C65B77}.Release|x86.Build.0 = Release|Any CPU
	EndGlobalSection
	GlobalSection(NestedProjects) = preSolution
		{9D08F3F2-C989-4EC0-8BE7-B8C457B2D4FD} = {0409518A-4DA4-488B-8126-8BF0D9C1E692}
		{3C96934F-BB26-469B-AB78-CD9C9F37BED9} = {0409518A-4DA4-488B-8126-8BF0D9C1E692}
		{57CE7063-96C2-4E72-A1AF-936008D23D07} = {0409518A-4DA4-488B-8126-8BF0D9C1E692}
		{29DD9B1C-4613-42BC-852B-D4E49FCD4229} = {0409518A-4DA4-488B-8126-8BF0D9C1E692}
		{6516B9D4-4C5E-4E3C-936D-853B1676ED3D} = {0409518A-4DA4-488B-8126-8BF0D9C1E692}
		{F7225C64-D7D8-4375-BD87-D13D12D596A6} = {0409518A-4DA4-488B-8126-8BF0D9C1E692}
		{F1953DBE-52D1-456F-B72F-D5C0C06D07E2} = {0409518A-4DA4-488B-8126-8BF0D9C1E692}
		{FDA0CA87-E765-410E-9EB0-D7588743F01F} = {0409518A-4DA4-488B-8126-8BF0D9C1E692}
		{4212C0C7-9FDF-4283-B6E7-44BE1AED6E43} = {0409518A-4DA4-488B-8126-8BF0D9C1E692}
		{0112AD46-0160-40EF-AACE-5F50002DDFF0} = {0409518A-4DA4-488B-8126-8BF0D9C1E692}
		{7DEAFA20-E8E9-415B-BFED-59F9EB7AF822} = {0409518A-4DA4-488B-8126-8BF0D9C1E692}
		{39D82B0F-3241-4AE7-993E-63EBB0C65B77} = {0409518A-4DA4-488B-8126-8BF0D9C1E692}
	EndGlobalSection
EndGlobal
